
Microsoft Visual Studio Solution File, Format Version 12.00
# Visual Studio Version 17
VisualStudioVersion = 17.0.31912.275
MinimumVisualStudioVersion = 10.0.40219.1
Project("{9A19103F-16F7-4668-BE54-9A1E7A4F7556}") = "CommunityTraining.Presentation.Blazor", "CommunityTraining.Presentation.Blazor\CommunityTraining.Presentation.Blazor.csproj", "{58369E40-F1FA-43E0-A6E5-019B33A9F0BA}"
EndProject
Project("{9A19103F-16F7-4668-BE54-9A1E7A4F7556}") = "CommunityTraining.Interfaces.Api", "CommunityTraining.Interfaces.Api\CommunityTraining.Interfaces.Api.csproj", "{16B0FDA1-4EC3-48A6-ADAB-6722E8B84900}"
EndProject
Project("{9A19103F-16F7-4668-BE54-9A1E7A4F7556}") = "CommunityTraining.Entities", "CommunityTraining.Entities\CommunityTraining.Entities.csproj", "{901F274D-388A-4B21-A163-CC86C7614EB5}"
EndProject
Project("{2150E333-8FDC-42A3-9474-1A3956D46DE8}") = "Enterprise Business Rules", "Enterprise Business Rules", "{FEE0414D-415B-40A1-B112-A24EA726F226}"
EndProject
Project("{2150E333-8FDC-42A3-9474-1A3956D46DE8}") = "Presentation", "Presentation", "{F82BCA9F-1B70-49CE-BC4F-1E3A079FDFEF}"
EndProject
Project("{2150E333-8FDC-42A3-9474-1A3956D46DE8}") = "Application Business Rules", "Application Business Rules", "{DEE4B7AE-75A3-4B77-AB5C-81E63FBD9DF8}"
EndProject
Project("{9A19103F-16F7-4668-BE54-9A1E7A4F7556}") = "CommunityTraining.Interfaces.SqlEF", "CommunityTraining.Interfaces.SqlEF\CommunityTraining.Interfaces.SqlEF.csproj", "{791973B7-3C9C-4A02-AD41-0961355C0433}"
EndProject
Project("{2150E333-8FDC-42A3-9474-1A3956D46DE8}") = "Interface Adapters", "Interface Adapters", "{B1F474E1-D7A1-4B5A-83EC-906085B4E9AB}"
EndProject
Project("{9A19103F-16F7-4668-BE54-9A1E7A4F7556}") = "CommunityTraining.Application.InversionOfControl", "CommunityTraining.Application.InversionOfControl\CommunityTraining.Application.InversionOfControl.csproj", "{A06DB1D5-041A-4347-A2DC-F171415A7D8F}"
EndProject
Project("{9A19103F-16F7-4668-BE54-9A1E7A4F7556}") = "CommunityTraining.Application.Ports", "CommunityTraining.Application.Ports\CommunityTraining.Application.Ports.csproj", "{41863B43-2FF3-4E11-A8ED-6A972F2C0C17}"
EndProject
Project("{9A19103F-16F7-4668-BE54-9A1E7A4F7556}") = "CommunityTraining.Application.UseCases", "CommunityTraining.Application.UseCases\CommunityTraining.Application.UseCases.csproj", "{7D90C77A-22C0-48EE-833B-183FCBA50481}"
EndProject
Project("{2150E333-8FDC-42A3-9474-1A3956D46DE8}") = "Gateways", "Gateways", "{4C0D1DCC-B95B-4682-B465-C0C7B7B5332C}"
EndProject
Project("{2150E333-8FDC-42A3-9474-1A3956D46DE8}") = "Frameworks Adapters", "Frameworks Adapters", "{BB16D228-B2D8-40B4-9458-4E9F6C34230C}"
EndProject
Project("{2150E333-8FDC-42A3-9474-1A3956D46DE8}") = "UI", "UI", "{835DD26A-0AE7-48C2-9501-D6E51C9D1619}"
EndProject
Project("{2150E333-8FDC-42A3-9474-1A3956D46DE8}") = "Controllers", "Controllers", "{0446F634-9DE9-480D-AE5E-FD1EB3FB35FB}"
EndProject
Project("{9A19103F-16F7-4668-BE54-9A1E7A4F7556}") = "CommunityTraining.Interfaces.Controllers", "CommunityTraining.Interfaces.Controllers\CommunityTraining.Interfaces.Controllers.csproj", "{096A80FD-D1BE-4528-BA98-94870CF83712}"
EndProject
Project("{9A19103F-16F7-4668-BE54-9A1E7A4F7556}") = "CommunityTraining.Interfaces.Presenters", "CommunityTraining.Interfaces.Presenters\CommunityTraining.Interfaces.Presenters.csproj", "{79F9AFC8-6FC5-4EE9-B137-5F633F620CCB}"
EndProject
Project("{2150E333-8FDC-42A3-9474-1A3956D46DE8}") = "DataBases", "DataBases", "{AE5C35CC-9673-4354-85D0-1623FEF4F424}"
EndProject
Project("{9A19103F-16F7-4668-BE54-9A1E7A4F7556}") = "BlazorIndexedDb", "..\..\..\..\..\DrUalcman\BlasorIndexedDb\BlasorIndexedDb\BlazorIndexedDb.csproj", "{4097B361-4FEA-4764-8B1A-E4F6BF4D06E3}"
EndProject
Project("{FAE04EC0-301F-11D3-BF4B-00C04F79EFBC}") = "CommunityTraining.IndexedDb", "CommunityTraining.IndexedDb\CommunityTraining.IndexedDb.csproj", "{1A03DB44-BD7B-4956-882F-9CC8CAAD2E60}"
EndProject
Global
	GlobalSection(SolutionConfigurationPlatforms) = preSolution
		Debug|Any CPU = Debug|Any CPU
		Release|Any CPU = Release|Any CPU
	EndGlobalSection
	GlobalSection(ProjectConfigurationPlatforms) = postSolution
		{58369E40-F1FA-43E0-A6E5-019B33A9F0BA}.Debug|Any CPU.ActiveCfg = Debug|Any CPU
		{58369E40-F1FA-43E0-A6E5-019B33A9F0BA}.Debug|Any CPU.Build.0 = Debug|Any CPU
		{58369E40-F1FA-43E0-A6E5-019B33A9F0BA}.Release|Any CPU.ActiveCfg = Release|Any CPU
		{58369E40-F1FA-43E0-A6E5-019B33A9F0BA}.Release|Any CPU.Build.0 = Release|Any CPU
		{16B0FDA1-4EC3-48A6-ADAB-6722E8B84900}.Debug|Any CPU.ActiveCfg = Debug|Any CPU
		{16B0FDA1-4EC3-48A6-ADAB-6722E8B84900}.Debug|Any CPU.Build.0 = Debug|Any CPU
		{16B0FDA1-4EC3-48A6-ADAB-6722E8B84900}.Release|Any CPU.ActiveCfg = Release|Any CPU
		{16B0FDA1-4EC3-48A6-ADAB-6722E8B84900}.Release|Any CPU.Build.0 = Release|Any CPU
		{901F274D-388A-4B21-A163-CC86C7614EB5}.Debug|Any CPU.ActiveCfg = Debug|Any CPU
		{901F274D-388A-4B21-A163-CC86C7614EB5}.Debug|Any CPU.Build.0 = Debug|Any CPU
		{901F274D-388A-4B21-A163-CC86C7614EB5}.Release|Any CPU.ActiveCfg = Release|Any CPU
		{901F274D-388A-4B21-A163-CC86C7614EB5}.Release|Any CPU.Build.0 = Release|Any CPU
		{791973B7-3C9C-4A02-AD41-0961355C0433}.Debug|Any CPU.ActiveCfg = Debug|Any CPU
		{791973B7-3C9C-4A02-AD41-0961355C0433}.Debug|Any CPU.Build.0 = Debug|Any CPU
		{791973B7-3C9C-4A02-AD41-0961355C0433}.Release|Any CPU.ActiveCfg = Release|Any CPU
		{791973B7-3C9C-4A02-AD41-0961355C0433}.Release|Any CPU.Build.0 = Release|Any CPU
		{A06DB1D5-041A-4347-A2DC-F171415A7D8F}.Debug|Any CPU.ActiveCfg = Debug|Any CPU
		{A06DB1D5-041A-4347-A2DC-F171415A7D8F}.Debug|Any CPU.Build.0 = Debug|Any CPU
		{A06DB1D5-041A-4347-A2DC-F171415A7D8F}.Release|Any CPU.ActiveCfg = Release|Any CPU
		{A06DB1D5-041A-4347-A2DC-F171415A7D8F}.Release|Any CPU.Build.0 = Release|Any CPU
		{41863B43-2FF3-4E11-A8ED-6A972F2C0C17}.Debug|Any CPU.ActiveCfg = Debug|Any CPU
		{41863B43-2FF3-4E11-A8ED-6A972F2C0C17}.Debug|Any CPU.Build.0 = Debug|Any CPU
		{41863B43-2FF3-4E11-A8ED-6A972F2C0C17}.Release|Any CPU.ActiveCfg = Release|Any CPU
		{41863B43-2FF3-4E11-A8ED-6A972F2C0C17}.Release|Any CPU.Build.0 = Release|Any CPU
		{7D90C77A-22C0-48EE-833B-183FCBA50481}.Debug|Any CPU.ActiveCfg = Debug|Any CPU
		{7D90C77A-22C0-48EE-833B-183FCBA50481}.Debug|Any CPU.Build.0 = Debug|Any CPU
		{7D90C77A-22C0-48EE-833B-183FCBA50481}.Release|Any CPU.ActiveCfg = Release|Any CPU
		{7D90C77A-22C0-48EE-833B-183FCBA50481}.Release|Any CPU.Build.0 = Release|Any CPU
		{096A80FD-D1BE-4528-BA98-94870CF83712}.Debug|Any CPU.ActiveCfg = Debug|Any CPU
		{096A80FD-D1BE-4528-BA98-94870CF83712}.Debug|Any CPU.Build.0 = Debug|Any CPU
		{096A80FD-D1BE-4528-BA98-94870CF83712}.Release|Any CPU.ActiveCfg = Release|Any CPU
		{096A80FD-D1BE-4528-BA98-94870CF83712}.Release|Any CPU.Build.0 = Release|Any CPU
		{79F9AFC8-6FC5-4EE9-B137-5F633F620CCB}.Debug|Any CPU.ActiveCfg = Debug|Any CPU
		{79F9AFC8-6FC5-4EE9-B137-5F633F620CCB}.Debug|Any CPU.Build.0 = Debug|Any CPU
		{79F9AFC8-6FC5-4EE9-B137-5F633F620CCB}.Release|Any CPU.ActiveCfg = Release|Any CPU
		{79F9AFC8-6FC5-4EE9-B137-5F633F620CCB}.Release|Any CPU.Build.0 = Release|Any CPU
		{4097B361-4FEA-4764-8B1A-E4F6BF4D06E3}.Debug|Any CPU.ActiveCfg = Debug|Any CPU
		{4097B361-4FEA-4764-8B1A-E4F6BF4D06E3}.Debug|Any CPU.Build.0 = Debug|Any CPU
		{4097B361-4FEA-4764-8B1A-E4F6BF4D06E3}.Release|Any CPU.ActiveCfg = Release|Any CPU
		{4097B361-4FEA-4764-8B1A-E4F6BF4D06E3}.Release|Any CPU.Build.0 = Release|Any CPU
		{1A03DB44-BD7B-4956-882F-9CC8CAAD2E60}.Debug|Any CPU.ActiveCfg = Debug|Any CPU
		{1A03DB44-BD7B-4956-882F-9CC8CAAD2E60}.Debug|Any CPU.Build.0 = Debug|Any CPU
		{1A03DB44-BD7B-4956-882F-9CC8CAAD2E60}.Release|Any CPU.ActiveCfg = Release|Any CPU
		{1A03DB44-BD7B-4956-882F-9CC8CAAD2E60}.Release|Any CPU.Build.0 = Release|Any CPU
	EndGlobalSection
	GlobalSection(SolutionProperties) = preSolution
		HideSolutionNode = FALSE
	EndGlobalSection
	GlobalSection(NestedProjects) = preSolution
		{58369E40-F1FA-43E0-A6E5-019B33A9F0BA} = {835DD26A-0AE7-48C2-9501-D6E51C9D1619}
		{16B0FDA1-4EC3-48A6-ADAB-6722E8B84900} = {835DD26A-0AE7-48C2-9501-D6E51C9D1619}
		{901F274D-388A-4B21-A163-CC86C7614EB5} = {FEE0414D-415B-40A1-B112-A24EA726F226}
		{F82BCA9F-1B70-49CE-BC4F-1E3A079FDFEF} = {B1F474E1-D7A1-4B5A-83EC-906085B4E9AB}
		{791973B7-3C9C-4A02-AD41-0961355C0433} = {4C0D1DCC-B95B-4682-B465-C0C7B7B5332C}
		{A06DB1D5-041A-4347-A2DC-F171415A7D8F} = {B1F474E1-D7A1-4B5A-83EC-906085B4E9AB}
		{41863B43-2FF3-4E11-A8ED-6A972F2C0C17} = {DEE4B7AE-75A3-4B77-AB5C-81E63FBD9DF8}
		{7D90C77A-22C0-48EE-833B-183FCBA50481} = {DEE4B7AE-75A3-4B77-AB5C-81E63FBD9DF8}
		{4C0D1DCC-B95B-4682-B465-C0C7B7B5332C} = {B1F474E1-D7A1-4B5A-83EC-906085B4E9AB}
		{835DD26A-0AE7-48C2-9501-D6E51C9D1619} = {BB16D228-B2D8-40B4-9458-4E9F6C34230C}
		{0446F634-9DE9-480D-AE5E-FD1EB3FB35FB} = {B1F474E1-D7A1-4B5A-83EC-906085B4E9AB}
		{096A80FD-D1BE-4528-BA98-94870CF83712} = {0446F634-9DE9-480D-AE5E-FD1EB3FB35FB}
		{79F9AFC8-6FC5-4EE9-B137-5F633F620CCB} = {F82BCA9F-1B70-49CE-BC4F-1E3A079FDFEF}
		{AE5C35CC-9673-4354-85D0-1623FEF4F424} = {BB16D228-B2D8-40B4-9458-4E9F6C34230C}
		{4097B361-4FEA-4764-8B1A-E4F6BF4D06E3} = {AE5C35CC-9673-4354-85D0-1623FEF4F424}
		{1A03DB44-BD7B-4956-882F-9CC8CAAD2E60} = {4C0D1DCC-B95B-4682-B465-C0C7B7B5332C}
	EndGlobalSection
	GlobalSection(ExtensibilityGlobals) = postSolution
		SolutionGuid = {8F8F1272-7239-4CC1-938A-B9332D47F259}
	EndGlobalSection
EndGlobal
